
Microsoft Visual Studio Solution File, Format Version 12.00
# Visual Studio 14
VisualStudioVersion = 14.0.24720.0
MinimumVisualStudioVersion = 10.0.40219.1
Project("{FAE04EC0-301F-11D3-BF4B-00C04F79EFBC}") = "WardrobeItemFetcher", "WardrobeItemFetcher\WardrobeItemFetcher.csproj", "{53F7D62D-C436-41BD-B616-988CFBB86B8F}"
EndProject
Global
	GlobalSection(SolutionConfigurationPlatforms) = preSolution
		Debug|Any CPU = Debug|Any CPU
		Release|Any CPU = Release|Any CPU
	EndGlobalSection
	GlobalSection(ProjectConfigurationPlatforms) = postSolution
		{53F7D62D-C436-41BD-B616-988CFBB86B8F}.Debug|Any CPU.ActiveCfg = Debug|Any CPU
		{53F7D62D-C436-41BD-B616-988CFBB86B8F}.Debug|Any CPU.Build.0 = Debug|Any CPU
		{53F7D62D-C436-41BD-B616-988CFBB86B8F}.Release|Any CPU.ActiveCfg = Release|Any CPU
		{53F7D62D-C436-41BD-B616-988CFBB86B8F}.Release|Any CPU.Build.0 = Release|Any CPU
	EndGlobalSection
	GlobalSection(SolutionProperties) = preSolution
		HideSolutionNode = FALSE
	EndGlobalSection
EndGlobal
